{
  "name": "openclaw-copilot-sdk-bootstrap",
  "version": "1.0.0",
  "lockfileVersion": 3,
  "requires": true,
  "packages": {
    "": {
      "name": "openclaw-copilot-sdk-bootstrap",
      "version": "1.0.0",
      "dependencies": {
        "@github/copilot-sdk": "1.0.0-beta.4"
      }
    },
    "node_modules/@github/copilot": {
      "version": "1.0.54",
      "resolved": "https://registry.npmjs.org/@github/copilot/-/copilot-1.0.54.tgz",
      "integrity": "sha512-gxiWEQFWxJ3J2Rh67CxKEfER/zayB1z2qaSBUz3RZ0u1iDNJdGPry/1vOQ72X/yHmpGNm+9egucN5VMzyedsIg==",
      "license": "SEE LICENSE IN LICENSE.md",
      "dependencies": {
        "detect-libc": "^2.1.2"
      },
      "bin": {
        "copilot": "npm-loader.js"
      },
      "optionalDependencies": {
        "@github/copilot-darwin-arm64": "1.0.54",
        "@github/copilot-darwin-x64": "1.0.54",
        "@github/copilot-linux-arm64": "1.0.54",
        "@github/copilot-linux-x64": "1.0.54",
        "@github/copilot-linuxmusl-arm64": "1.0.54",
        "@github/copilot-linuxmusl-x64": "1.0.54",
        "@github/copilot-win32-arm64": "1.0.54",
        "@github/copilot-win32-x64": "1.0.54"
      }
    },
    "node_modules/@github/copilot-darwin-arm64": {
      "version": "1.0.54",
      "resolved": "https://registry.npmjs.org/@github/copilot-darwin-arm64/-/copilot-darwin-arm64-1.0.54.tgz",
      "integrity": "sha512-ZRiKkxCvDccdGSNB/gmge4UkqMsWWZNIOr0pcim4/x2YUdHbh9cex9RZRjEMXijtUkBTzW5DP/cACuoAqTCyEg==",
      "cpu": [
        "arm64"
      ],
      "license": "SEE LICENSE IN LICENSE.md",
      "optional": true,
      "os": [
        "darwin"
      ],
      "bin": {
        "copilot-darwin-arm64": "copilot"
      }
    },
    "node_modules/@github/copilot-darwin-x64": {
      "version": "1.0.54",
      "resolved": "https://registry.npmjs.org/@github/copilot-darwin-x64/-/copilot-darwin-x64-1.0.54.tgz",
      "integrity": "sha512-DGqs8x5r4y+SebMco890lNsPrqe6L4v2hCmV1IQ1pvYPvD1o1NMVSZPAQhkdvUeR5bqusOg8+0ugIZOQGTFpFQ==",
      "cpu": [
        "x64"
      ],
      "license": "SEE LICENSE IN LICENSE.md",
      "optional": true,
      "os": [
        "darwin"
      ],
      "bin": {
        "copilot-darwin-x64": "copilot"
      }
    },
    "node_modules/@github/copilot-linux-arm64": {
      "version": "1.0.54",
      "resolved": "https://registry.npmjs.org/@github/copilot-linux-arm64/-/copilot-linux-arm64-1.0.54.tgz",
      "integrity": "sha512-waVKu6RuG8YBvCoGrOgtsOxmnfLaUywvbqZXRgvMya1m4akRkMi5r9B2UDr3+egjChp+FIUJVbGIoXN6ZST0rQ==",
      "cpu": [
        "arm64"
      ],
      "license": "SEE LICENSE IN LICENSE.md",
      "optional": true,
      "os": [
        "linux"
      ],
      "bin": {
        "copilot-linux-arm64": "copilot"
      }
    },
    "node_modules/@github/copilot-linux-x64": {
      "version": "1.0.54",
      "resolved": "https://registry.npmjs.org/@github/copilot-linux-x64/-/copilot-linux-x64-1.0.54.tgz",
      "integrity": "sha512-u/ltZa+HDIuhMivkIwkkuylRdEMk5Lp0XjE9w/OityW+BPKjZ+VKAmJ1/1Xm/uUx1IUlZaE3TJnka52wVNOD0A==",
      "cpu": [
        "x64"
      ],
      "license": "SEE LICENSE IN LICENSE.md",
      "optional": true,
      "os": [
        "linux"
      ],
      "bin": {
        "copilot-linux-x64": "copilot"
      }
    },
    "node_modules/@github/copilot-linuxmusl-arm64": {
      "version": "1.0.54",
      "resolved": "https://registry.npmjs.org/@github/copilot-linuxmusl-arm64/-/copilot-linuxmusl-arm64-1.0.54.tgz",
      "integrity": "sha512-21LLjoQnD57Y1fvO56G1FGVbkt/ffZNDpHqVe2NW7C4r78Gn0hOTqwp+xWRUMpdmxrGZyKeFjX8jK6qox2uF5w==",
      "cpu": [
        "arm64"
      ],
      "license": "SEE LICENSE IN LICENSE.md",
      "optional": true,
      "os": [
        "linux"
      ],
      "bin": {
        "copilot-linuxmusl-arm64": "copilot"
      }
    },
    "node_modules/@github/copilot-linuxmusl-x64": {
      "version": "1.0.54",
      "resolved": "https://registry.npmjs.org/@github/copilot-linuxmusl-x64/-/copilot-linuxmusl-x64-1.0.54.tgz",
      "integrity": "sha512-sbeATKa9vaIetsY1vhQJO0PN/5FgoK48wkGBWCy4BpO8ER/kGYczT22qv6n96gBYrVmC2IZuTFTM4GFpC3bbBw==",
      "cpu": [
        "x64"
      ],
      "license": "SEE LICENSE IN LICENSE.md",
      "optional": true,
      "os": [
        "linux"
      ],
      "bin": {
        "copilot-linuxmusl-x64": "copilot"
      }
    },
    "node_modules/@github/copilot-sdk": {
      "version": "1.0.0-beta.4",
      "resolved": "https://registry.npmjs.org/@github/copilot-sdk/-/copilot-sdk-1.0.0-beta.4.tgz",
      "integrity": "sha512-DcVMN2FWODxamFS9nTls8AW3QsyMnj6JDVBNRVBXaTY9kEhGHCjt8lp7sJp95/vyl52hvEb4/68Oh6SdFU9O/Q==",
      "license": "MIT",
      "dependencies": {
        "@github/copilot": "^1.0.46",
        "vscode-jsonrpc": "^8.2.1",
        "zod": "^4.3.6"
      },
      "engines": {
        "node": ">=20.0.0"
      }
    },
    "node_modules/@github/copilot-win32-arm64": {
      "version": "1.0.54",
      "resolved": "https://registry.npmjs.org/@github/copilot-win32-arm64/-/copilot-win32-arm64-1.0.54.tgz",
      "integrity": "sha512-muOX8qrJSi56BWQejkH0TgXpZYRO8Y9k1qIfMuRojZyLyATn1P4lIKb67ZqDCXJLkcPfVJ5eJYsSAeGwU3Qpww==",
      "cpu": [
        "arm64"
      ],
      "license": "SEE LICENSE IN LICENSE.md",
      "optional": true,
      "os": [
        "win32"
      ],
      "bin": {
        "copilot-win32-arm64": "copilot.exe"
      }
    },
    "node_modules/@github/copilot-win32-x64": {
      "version": "1.0.54",
      "resolved": "https://registry.npmjs.org/@github/copilot-win32-x64/-/copilot-win32-x64-1.0.54.tgz",
      "integrity": "sha512-BheXmqrYFmfRXA0iveKkjKks/2wgK5glrEOARomzy3JCbvVMSPIE8YeK+3YysiOh2SUkWjahwJc09cxaBq4+qQ==",
      "cpu": [
        "x64"
      ],
      "license": "SEE LICENSE IN LICENSE.md",
      "optional": true,
      "os": [
        "win32"
      ],
      "bin": {
        "copilot-win32-x64": "copilot.exe"
      }
    },
    "node_modules/detect-libc": {
      "version": "2.1.2",
      "resolved": "https://registry.npmjs.org/detect-libc/-/detect-libc-2.1.2.tgz",
      "integrity": "sha512-Btj2BOOO83o3WyH59e8MgXsxEQVcarkUOpEYrubB0urwnN10yQ364rsiByU11nZlqWYZm05i/of7io4mzihBtQ==",
      "license": "Apache-2.0",
      "engines": {
        "node": ">=8"
      }
    },
    "node_modules/vscode-jsonrpc": {
      "version": "8.2.1",
      "resolved": "https://registry.npmjs.org/vscode-jsonrpc/-/vscode-jsonrpc-8.2.1.tgz",
      "integrity": "sha512-kdjOSJ2lLIn7r1rtrMbbNCHjyMPfRnowdKjBQ+mGq6NAW5QY2bEZC/khaC5OR8svbbjvLEaIXkOq45e2X9BIbQ==",
      "license": "MIT",
      "engines": {
        "node": ">=14.0.0"
      }
    },
    "node_modules/zod": {
      "version": "4.4.3",
      "resolved": "https://registry.npmjs.org/zod/-/zod-4.4.3.tgz",
      "integrity": "sha512-ytENFjIJFl2UwYglde2jchW2Hwm4GJFLDiSXWdTrJQBIN9Fcyp7n4DhxJEiWNAJMV1/BqWfW/kkg71UDcHJyTQ==",
      "license": "MIT",
      "funding": {
        "url": "https://github.com/sponsors/colinhacks"
      }
    }
  }
}
