{
  "name": "@openclaw/tokenjuice",
<<<<<<< HEAD
  "version": "2026.6.10",
=======
  "version": "2026.6.8",
>>>>>>> e84b719c996d5700bd3163008a0f5d78ce2423df
  "lockfileVersion": 3,
  "requires": true,
  "packages": {
    "": {
      "name": "@openclaw/tokenjuice",
<<<<<<< HEAD
      "version": "2026.6.10",
=======
      "version": "2026.6.8",
>>>>>>> e84b719c996d5700bd3163008a0f5d78ce2423df
      "dependencies": {
        "tokenjuice": "0.8.1"
      },
      "peerDependencies": {
<<<<<<< HEAD
        "openclaw": ">=2026.6.10"
=======
        "openclaw": ">=2026.6.8"
>>>>>>> e84b719c996d5700bd3163008a0f5d78ce2423df
      },
      "peerDependenciesMeta": {
        "openclaw": {
          "optional": true
        }
      }
    },
    "node_modules/tokenjuice": {
      "version": "0.8.1",
      "resolved": "https://registry.npmjs.org/tokenjuice/-/tokenjuice-0.8.1.tgz",
      "integrity": "sha512-/CnrgVI7zm7P4yphNe2Ypqm4vOwzdIob4ki9nRdT8P1NAOgsWGv0ciTDLly4cyAaKIhLd0H3swLNn2R5FCDpYw==",
      "license": "MIT",
      "bin": {
        "tokenjuice": "dist/cli/main.js"
      },
      "engines": {
        "node": ">=20"
      },
      "funding": {
        "type": "github",
        "url": "https://github.com/sponsors/vincentkoc"
      }
    }
  }
}
