{
  "name": "@openclaw/diagnostics-prometheus",
<<<<<<< HEAD
  "version": "2026.6.10",
=======
  "version": "2026.6.8",
>>>>>>> e84b719c996d5700bd3163008a0f5d78ce2423df
  "lockfileVersion": 3,
  "requires": true,
  "packages": {
    "": {
      "name": "@openclaw/diagnostics-prometheus",
<<<<<<< HEAD
      "version": "2026.6.10"
=======
      "version": "2026.6.8"
>>>>>>> e84b719c996d5700bd3163008a0f5d78ce2423df
    }
  }
}
