{
  "name": "@openclaw/ag-ui",
  "version": "2026.7.2",
  "lockfileVersion": 3,
  "requires": true,
  "packages": {
    "": {
      "name": "@openclaw/ag-ui",
      "version": "2026.7.2",
      "dependencies": {
        "@ag-ui/core": "0.0.57",
        "@ag-ui/encoder": "0.0.57"
      },
      "peerDependencies": {
        "openclaw": ">=2026.7.2"
      },
      "peerDependenciesMeta": {
        "openclaw": {
          "optional": true
        }
      }
    },
    "node_modules/@ag-ui/core": {
      "version": "0.0.57",
      "resolved": "https://registry.npmjs.org/@ag-ui/core/-/core-0.0.57.tgz",
      "integrity": "sha512-gho1OWjNE6E3Rl7ZEZ1wr2CEpUHjLFU0FqzCZZk439TicLu+BfLCMkMokB07bMGlRmbJ60hM6LW60iOVauCx+Q==",
      "dependencies": {
        "zod": "^3.22.4"
      }
    },
    "node_modules/@ag-ui/encoder": {
      "version": "0.0.57",
      "resolved": "https://registry.npmjs.org/@ag-ui/encoder/-/encoder-0.0.57.tgz",
      "integrity": "sha512-ifD9NctR4xyPDR58xF9GK1bj/S8oECFkTeDfuYD8tXdbcOstIJ2TOqU2zhiCKnw7Vw+zR9Qv3TbsM9E7Gi9X3Q==",
      "dependencies": {
        "@ag-ui/core": "0.0.57",
        "@ag-ui/proto": "0.0.57"
      }
    },
    "node_modules/@ag-ui/proto": {
      "version": "0.0.57",
      "resolved": "https://registry.npmjs.org/@ag-ui/proto/-/proto-0.0.57.tgz",
      "integrity": "sha512-pPENOZt0P6ibH8sCTgq05wLYXi5t3P9B5r/1bWYehXjUxtyOdnukSlWM++SsCIwUXsQdm/b3aBgGjEeTF7RenA==",
      "dependencies": {
        "@ag-ui/core": "0.0.57",
        "@bufbuild/protobuf": "^2.2.5",
        "@protobuf-ts/protoc": "^2.11.1"
      }
    },
    "node_modules/@bufbuild/protobuf": {
      "version": "2.12.1",
      "resolved": "https://registry.npmjs.org/@bufbuild/protobuf/-/protobuf-2.12.1.tgz",
      "integrity": "sha512-BvAMfS6LrgZiryOAZ4pBYucu4wG/Ei/9o9DZ9akbREnMLbPJiom2i8b9C8IsKErQoiKqVhrerzt3kOT/RrzLHg==",
      "license": "(Apache-2.0 AND BSD-3-Clause)"
    },
    "node_modules/@protobuf-ts/protoc": {
      "version": "2.11.1",
      "resolved": "https://registry.npmjs.org/@protobuf-ts/protoc/-/protoc-2.11.1.tgz",
      "integrity": "sha512-mUZJaV0daGO6HUX90o/atzQ6A7bbN2RSuHtdwo8SSF2Qoe3zHwa4IHyCN1evftTeHfLmdz+45qo47sL+5P8nyg==",
      "license": "Apache-2.0",
      "bin": {
        "protoc": "protoc.js"
      }
    },
    "node_modules/zod": {
      "version": "3.25.76",
      "resolved": "https://registry.npmjs.org/zod/-/zod-3.25.76.tgz",
      "integrity": "sha512-gzUt/qt81nXsFGKIFcC3YnfEAx5NkunCfnDlvuBSSFS02bcXu4Lmea0AFIUwbLWxWPx3d9p8S5QoaujKcNQxcQ==",
      "license": "MIT",
      "funding": {
        "url": "https://github.com/sponsors/colinhacks"
      }
    }
  }
}
