{
  "name": "@openclaw/codex",
  "version": "2026.7.2",
  "lockfileVersion": 3,
  "requires": true,
  "packages": {
    "": {
      "name": "@openclaw/codex",
      "version": "2026.7.2",
      "dependencies": {
        "@openai/codex": "0.144.2",
        "semver": "7.8.5",
        "smol-toml": "1.7.0",
        "typebox": "1.3.3",
        "ws": "8.21.0",
        "zod": "4.4.3"
      }
    },
    "node_modules/@openai/codex": {
      "version": "0.144.2",
      "resolved": "https://registry.npmjs.org/@openai/codex/-/codex-0.144.2.tgz",
      "integrity": "sha512-2eJ6OvuVjJL6XlbHWvHUh6mYRCrR80IB/j8Z1gMzwh0B/uHG+atEaTkYt3JeYFuifflgI2ppec7TI7Y5lhE+vw==",
      "license": "Apache-2.0",
      "bin": {
        "codex": "bin/codex.js"
      },
      "engines": {
        "node": ">=16"
      },
      "optionalDependencies": {
        "@openai/codex-darwin-arm64": "npm:@openai/codex@0.144.2-darwin-arm64",
        "@openai/codex-darwin-x64": "npm:@openai/codex@0.144.2-darwin-x64",
        "@openai/codex-linux-arm64": "npm:@openai/codex@0.144.2-linux-arm64",
        "@openai/codex-linux-x64": "npm:@openai/codex@0.144.2-linux-x64",
        "@openai/codex-win32-arm64": "npm:@openai/codex@0.144.2-win32-arm64",
        "@openai/codex-win32-x64": "npm:@openai/codex@0.144.2-win32-x64"
      }
    },
    "node_modules/@openai/codex-darwin-arm64": {
      "name": "@openai/codex",
      "version": "0.144.2-darwin-arm64",
      "resolved": "https://registry.npmjs.org/@openai/codex/-/codex-0.144.2-darwin-arm64.tgz",
      "integrity": "sha512-/RvmNpFKsi0uo7Or424timagvR/5tdR9b+fFRZ4uwXeSqCs2N0UiEKdJlHd2G709A3N61Tg5i62jHRKvqcB8Rw==",
      "cpu": [
        "arm64"
      ],
      "license": "Apache-2.0",
      "optional": true,
      "os": [
        "darwin"
      ],
      "engines": {
        "node": ">=16"
      }
    },
    "node_modules/@openai/codex-darwin-x64": {
      "name": "@openai/codex",
      "version": "0.144.2-darwin-x64",
      "resolved": "https://registry.npmjs.org/@openai/codex/-/codex-0.144.2-darwin-x64.tgz",
      "integrity": "sha512-gd4vOeZ7SZdSEPtlVdLDCqNkBHnRVJLvWh7lv+hxDF1Ceqo7h5Lb1ypHfEmFHkvm3V1oWjMSYaV0SjNdBI8PjA==",
      "cpu": [
        "x64"
      ],
      "license": "Apache-2.0",
      "optional": true,
      "os": [
        "darwin"
      ],
      "engines": {
        "node": ">=16"
      }
    },
    "node_modules/@openai/codex-linux-arm64": {
      "name": "@openai/codex",
      "version": "0.144.2-linux-arm64",
      "resolved": "https://registry.npmjs.org/@openai/codex/-/codex-0.144.2-linux-arm64.tgz",
      "integrity": "sha512-SiAhn4Us7USSyUOpwBR57AihEdS2BVQ/Dw+qheTjHv2yFW1Qhh6r9wy3yMcY6YFj2HA04cBg4CijAUXieF20ig==",
      "cpu": [
        "arm64"
      ],
      "license": "Apache-2.0",
      "optional": true,
      "os": [
        "linux"
      ],
      "engines": {
        "node": ">=16"
      }
    },
    "node_modules/@openai/codex-linux-x64": {
      "name": "@openai/codex",
      "version": "0.144.2-linux-x64",
      "resolved": "https://registry.npmjs.org/@openai/codex/-/codex-0.144.2-linux-x64.tgz",
      "integrity": "sha512-wlrMbKNBWi9T6RWy61ZNmYhSa73FGyZWSWI8F+FJGKXcjCdTI1VOercTcVtZ2cr2W70s/veIEu17HfQjrUYj6g==",
      "cpu": [
        "x64"
      ],
      "license": "Apache-2.0",
      "optional": true,
      "os": [
        "linux"
      ],
      "engines": {
        "node": ">=16"
      }
    },
    "node_modules/@openai/codex-win32-arm64": {
      "name": "@openai/codex",
      "version": "0.144.2-win32-arm64",
      "resolved": "https://registry.npmjs.org/@openai/codex/-/codex-0.144.2-win32-arm64.tgz",
      "integrity": "sha512-hkv9xHjnvzGrrAXI1sr9FMT1z31OPrjZeHqDBobIAHk0RbLgg7eeCUZVi7Z94JjRm6nK3hMW177NdWt0qax9jg==",
      "cpu": [
        "arm64"
      ],
      "license": "Apache-2.0",
      "optional": true,
      "os": [
        "win32"
      ],
      "engines": {
        "node": ">=16"
      }
    },
    "node_modules/@openai/codex-win32-x64": {
      "name": "@openai/codex",
      "version": "0.144.2-win32-x64",
      "resolved": "https://registry.npmjs.org/@openai/codex/-/codex-0.144.2-win32-x64.tgz",
      "integrity": "sha512-1oXU+Ky/3x75V71Tseu3QxSwcqsR/B3REZS9mO1dk2WQ+Xd0bQ52StqgyumGRAUlgC5tkv1crj/ayTUw4yQtrw==",
      "cpu": [
        "x64"
      ],
      "license": "Apache-2.0",
      "optional": true,
      "os": [
        "win32"
      ],
      "engines": {
        "node": ">=16"
      }
    },
    "node_modules/semver": {
      "version": "7.8.5",
      "resolved": "https://registry.npmjs.org/semver/-/semver-7.8.5.tgz",
      "integrity": "sha512-Y7/KDsb8LjooZpwaqGyulO6DQlksgCncchHGk+sZIY4SBvUocMBEFH5Ur1fI4dV+Jvl0w6cjvucaIi40puRioA==",
      "license": "ISC",
      "bin": {
        "semver": "bin/semver.js"
      },
      "engines": {
        "node": ">=10"
      }
    },
    "node_modules/smol-toml": {
      "version": "1.7.0",
      "resolved": "https://registry.npmjs.org/smol-toml/-/smol-toml-1.7.0.tgz",
      "integrity": "sha512-aqVvWoyO21L23mb+drl4RmMXbf6N7FdHjAhTRA9ZBL7apWBgfWC16KjrASI+1p9GAroljyMHj6fK67i0UiTNvQ==",
      "license": "BSD-3-Clause",
      "engines": {
        "node": ">= 18"
      },
      "funding": {
        "url": "https://github.com/sponsors/cyyynthia"
      }
    },
    "node_modules/typebox": {
      "version": "1.3.3",
      "resolved": "https://registry.npmjs.org/typebox/-/typebox-1.3.3.tgz",
      "integrity": "sha512-URXGUE31PJDQC+PtRMJeLdF4kmmOdFoVPikPCtV2oOIhUpNpppEdIz7W8bH8cFYPYHdDpaRvqwdegMTmHliudg==",
      "license": "MIT"
    },
    "node_modules/ws": {
      "version": "8.21.0",
      "resolved": "https://registry.npmjs.org/ws/-/ws-8.21.0.tgz",
      "integrity": "sha512-Vsp28b7DRcimFQvrqu2Wek3z1iYxDCWqHYB8Qsnk/S4RfaCQzPGPyBNuVjJV3cd6UiKtUtp6sNM77gWvzcCH+g==",
      "license": "MIT",
      "engines": {
        "node": ">=10.0.0"
      },
      "peerDependencies": {
        "bufferutil": "^4.0.1",
        "utf-8-validate": ">=5.0.2"
      },
      "peerDependenciesMeta": {
        "bufferutil": {
          "optional": true
        },
        "utf-8-validate": {
          "optional": true
        }
      }
    },
    "node_modules/zod": {
      "version": "4.4.3",
      "resolved": "https://registry.npmjs.org/zod/-/zod-4.4.3.tgz",
      "integrity": "sha512-ytENFjIJFl2UwYglde2jchW2Hwm4GJFLDiSXWdTrJQBIN9Fcyp7n4DhxJEiWNAJMV1/BqWfW/kkg71UDcHJyTQ==",
      "license": "MIT",
      "funding": {
        "url": "https://github.com/sponsors/colinhacks"
      }
    }
  }
}
